
Microsoft Visual Studio Solution File, Format Version 12.00
# Visual Studio 15
VisualStudioVersion = 15.0.27130.2027
MinimumVisualStudioVersion = 10.0.40219.1
Project("{2150E333-8FDC-42A3-9474-1A3956D46DE8}") = "Src", "Src", "{AEEF5D0E-CA80-4297-B9ED-BDA90A7BDA00}"
EndProject
Project("{9A19103F-16F7-4668-BE54-9A1E7A4F7556}") = "DataRoom.BL", "Src\DataRoom.BL\DataRoom.BL.csproj", "{7C09FC2A-C7AA-4CC7-B119-9826300C4A4F}"
EndProject
Project("{00D1A9C2-B5F0-4AF3-8072-F6C62B433612}") = "DataRoom.DB", "Src\DataRoom.DB\DataRoom.DB.sqlproj", "{A061D33F-C120-4CC4-98FB-CC5F59661F68}"
EndProject
Project("{9A19103F-16F7-4668-BE54-9A1E7A4F7556}") = "DataRoom.Web.Service", "Src\DataRoom.Web.Service\DataRoom.Web.Service.csproj", "{72C91E3F-FF44-438D-81EC-50BB915F6103}"
EndProject
Project("{9A19103F-16F7-4668-BE54-9A1E7A4F7556}") = "DataRoom.Web.UI", "Src\DataRoom.Web.UI\DataRoom.Web.UI.csproj", "{56C1594E-30CA-4FE4-B327-CD6B48F6B151}"
EndProject
Project("{2150E333-8FDC-42A3-9474-1A3956D46DE8}") = "Tests", "Tests", "{524DA27C-C989-4238-80D8-AE9E171630F1}"
EndProject
Project("{9A19103F-16F7-4668-BE54-9A1E7A4F7556}") = "DataRoom.BL.Tests", "Tests\DataRoom.BL.Tests\DataRoom.BL.Tests.csproj", "{8101E041-871F-4BB4-AE66-6D47245D657B}"
EndProject
Project("{9A19103F-16F7-4668-BE54-9A1E7A4F7556}") = "DataRoom.Contract", "Src\DataRoom.Contract\DataRoom.Contract.csproj", "{5F2DD1B5-43A7-4C96-B102-5C59997AF041}"
EndProject
Global
	GlobalSection(SolutionConfigurationPlatforms) = preSolution
		Debug|Any CPU = Debug|Any CPU
		Release|Any CPU = Release|Any CPU
	EndGlobalSection
	GlobalSection(ProjectConfigurationPlatforms) = postSolution
		{7C09FC2A-C7AA-4CC7-B119-9826300C4A4F}.Debug|Any CPU.ActiveCfg = Debug|Any CPU
		{7C09FC2A-C7AA-4CC7-B119-9826300C4A4F}.Debug|Any CPU.Build.0 = Debug|Any CPU
		{7C09FC2A-C7AA-4CC7-B119-9826300C4A4F}.Release|Any CPU.ActiveCfg = Release|Any CPU
		{7C09FC2A-C7AA-4CC7-B119-9826300C4A4F}.Release|Any CPU.Build.0 = Release|Any CPU
		{A061D33F-C120-4CC4-98FB-CC5F59661F68}.Debug|Any CPU.ActiveCfg = Debug|Any CPU
		{A061D33F-C120-4CC4-98FB-CC5F59661F68}.Debug|Any CPU.Build.0 = Debug|Any CPU
		{A061D33F-C120-4CC4-98FB-CC5F59661F68}.Debug|Any CPU.Deploy.0 = Debug|Any CPU
		{A061D33F-C120-4CC4-98FB-CC5F59661F68}.Release|Any CPU.ActiveCfg = Release|Any CPU
		{A061D33F-C120-4CC4-98FB-CC5F59661F68}.Release|Any CPU.Build.0 = Release|Any CPU
		{A061D33F-C120-4CC4-98FB-CC5F59661F68}.Release|Any CPU.Deploy.0 = Release|Any CPU
		{72C91E3F-FF44-438D-81EC-50BB915F6103}.Debug|Any CPU.ActiveCfg = Debug|Any CPU
		{72C91E3F-FF44-438D-81EC-50BB915F6103}.Debug|Any CPU.Build.0 = Debug|Any CPU
		{72C91E3F-FF44-438D-81EC-50BB915F6103}.Release|Any CPU.ActiveCfg = Release|Any CPU
		{72C91E3F-FF44-438D-81EC-50BB915F6103}.Release|Any CPU.Build.0 = Release|Any CPU
		{56C1594E-30CA-4FE4-B327-CD6B48F6B151}.Debug|Any CPU.ActiveCfg = Debug|Any CPU
		{56C1594E-30CA-4FE4-B327-CD6B48F6B151}.Debug|Any CPU.Build.0 = Debug|Any CPU
		{56C1594E-30CA-4FE4-B327-CD6B48F6B151}.Release|Any CPU.ActiveCfg = Release|Any CPU
		{56C1594E-30CA-4FE4-B327-CD6B48F6B151}.Release|Any CPU.Build.0 = Release|Any CPU
		{8101E041-871F-4BB4-AE66-6D47245D657B}.Debug|Any CPU.ActiveCfg = Debug|Any CPU
		{8101E041-871F-4BB4-AE66-6D47245D657B}.Debug|Any CPU.Build.0 = Debug|Any CPU
		{8101E041-871F-4BB4-AE66-6D47245D657B}.Release|Any CPU.ActiveCfg = Release|Any CPU
		{8101E041-871F-4BB4-AE66-6D47245D657B}.Release|Any CPU.Build.0 = Release|Any CPU
		{5F2DD1B5-43A7-4C96-B102-5C59997AF041}.Debug|Any CPU.ActiveCfg = Debug|Any CPU
		{5F2DD1B5-43A7-4C96-B102-5C59997AF041}.Debug|Any CPU.Build.0 = Debug|Any CPU
		{5F2DD1B5-43A7-4C96-B102-5C59997AF041}.Release|Any CPU.ActiveCfg = Release|Any CPU
		{5F2DD1B5-43A7-4C96-B102-5C59997AF041}.Release|Any CPU.Build.0 = Release|Any CPU
	EndGlobalSection
	GlobalSection(SolutionProperties) = preSolution
		HideSolutionNode = FALSE
	EndGlobalSection
	GlobalSection(NestedProjects) = preSolution
		{7C09FC2A-C7AA-4CC7-B119-9826300C4A4F} = {AEEF5D0E-CA80-4297-B9ED-BDA90A7BDA00}
		{A061D33F-C120-4CC4-98FB-CC5F59661F68} = {AEEF5D0E-CA80-4297-B9ED-BDA90A7BDA00}
		{72C91E3F-FF44-438D-81EC-50BB915F6103} = {AEEF5D0E-CA80-4297-B9ED-BDA90A7BDA00}
		{56C1594E-30CA-4FE4-B327-CD6B48F6B151} = {AEEF5D0E-CA80-4297-B9ED-BDA90A7BDA00}
		{8101E041-871F-4BB4-AE66-6D47245D657B} = {524DA27C-C989-4238-80D8-AE9E171630F1}
		{5F2DD1B5-43A7-4C96-B102-5C59997AF041} = {AEEF5D0E-CA80-4297-B9ED-BDA90A7BDA00}
	EndGlobalSection
	GlobalSection(ExtensibilityGlobals) = postSolution
		SolutionGuid = {1E955397-5BA3-4E15-AE37-89C6AFFA1447}
	EndGlobalSection
EndGlobal
