
Microsoft Visual Studio Solution File, Format Version 12.00
# Visual Studio 15
VisualStudioVersion = 15.0.27130.2027
MinimumVisualStudioVersion = 10.0.40219.1
Project("{9A19103F-16F7-4668-BE54-9A1E7A4F7556}") = "DataRoom.BL", "DataRoom.BL\DataRoom.BL.csproj", "{9D993BC0-DF4B-4A6C-B0D8-C214C14AAA42}"
EndProject
Project("{9A19103F-16F7-4668-BE54-9A1E7A4F7556}") = "DataRoom.BL.Tests", "DataRoom.BL.Tests\DataRoom.BL.Tests.csproj", "{591BD309-D625-4A92-91B6-A4FDB573FBC1}"
EndProject
Project("{9A19103F-16F7-4668-BE54-9A1E7A4F7556}") = "DataRoom.Core", "DataRoom.Core\DataRoom.Core.csproj", "{005F5BBB-352E-43DF-9196-F5CE2CCBD408}"
EndProject
Project("{00D1A9C2-B5F0-4AF3-8072-F6C62B433612}") = "DataRoom.DB", "DataRoom.DB\DataRoom.DB.sqlproj", "{A061D33F-C120-4CC4-98FB-CC5F59661F68}"
EndProject
Project("{9A19103F-16F7-4668-BE54-9A1E7A4F7556}") = "DataRoom.Web.Service", "DataRoom.Web.Service\DataRoom.Web.Service.csproj", "{FF826F47-698B-479F-97F5-F3C397AF69C4}"
EndProject
Project("{9A19103F-16F7-4668-BE54-9A1E7A4F7556}") = "DataRoom.Web.UI", "DataRoom.Web.UI\DataRoom.Web.UI.csproj", "{BFF1CCC2-4DEE-46B4-A85D-CA1FA6E3F6FC}"
EndProject
Project("{2150E333-8FDC-42A3-9474-1A3956D46DE8}") = "Common", "Common", "{079109B7-FA9F-4335-BE79-ADF2A34F0581}"
EndProject
Project("{9A19103F-16F7-4668-BE54-9A1E7A4F7556}") = "Common.Configuration", "Common\Common.Configuration\Common.Configuration.csproj", "{CCC66432-DB62-4F59-851F-FE2DBD737D71}"
EndProject
Project("{9A19103F-16F7-4668-BE54-9A1E7A4F7556}") = "Common.Extensions", "Common\Common.Extensions\Common.Extensions.csproj", "{F7F84BC1-5D12-4CC0-BE94-A545252B5C93}"
EndProject
Project("{9A19103F-16F7-4668-BE54-9A1E7A4F7556}") = "Common.Repository", "Common\Common.Repository\Common.Repository.csproj", "{9464BBBF-53F6-4950-AF57-E0657DF83CBE}"
EndProject
Project("{9A19103F-16F7-4668-BE54-9A1E7A4F7556}") = "Common.Utils", "Common\Common.Utils\Common.Utils.csproj", "{CA376267-7D66-4D61-B4CC-6F568C5EF668}"
EndProject
Project("{9A19103F-16F7-4668-BE54-9A1E7A4F7556}") = "Common.Repository.EF", "Common\Common.Repository.EF\Common.Repository.EF.csproj", "{B5E83EB9-B351-4A1D-8636-C9C48CBFAF46}"
EndProject
Project("{9A19103F-16F7-4668-BE54-9A1E7A4F7556}") = "Common.BL", "Common\Common.BL\Common.BL.csproj", "{5E05E188-F7D9-48B4-9CB4-2B4D7582ADBB}"
EndProject
Project("{9A19103F-16F7-4668-BE54-9A1E7A4F7556}") = "Common.Configuration.Tests", "Common\Common.Configuration.Tests\Common.Configuration.Tests.csproj", "{62ABE1C9-CBEC-4B28-B3EF-E3316AD026FD}"
EndProject
Project("{9A19103F-16F7-4668-BE54-9A1E7A4F7556}") = "Common.Extensions.Tests", "Common\Common.Extensions.Tests\Common.Extensions.Tests.csproj", "{3966EF0F-7306-4591-9AC2-78638911143B}"
EndProject
Project("{9A19103F-16F7-4668-BE54-9A1E7A4F7556}") = "Common.Utils.Tests", "Common\Common.Utils.Tests\Common.Utils.Tests.csproj", "{AAE3CEE5-C88A-4A1D-8064-E6179508C3CE}"
EndProject
Project("{2150E333-8FDC-42A3-9474-1A3956D46DE8}") = "FileStorage", "FileStorage", "{72E43A2A-BC19-48A4-8D29-F71AE7EAFB73}"
EndProject
Project("{9A19103F-16F7-4668-BE54-9A1E7A4F7556}") = "FileStorage.BL", "FileStorage\FileStorage.BL\FileStorage.BL.csproj", "{B59F3F19-F6FC-45C8-B092-518909D2D611}"
EndProject
Project("{9A19103F-16F7-4668-BE54-9A1E7A4F7556}") = "FileStorage.Core", "FileStorage\FileStorage.Core\FileStorage.Core.csproj", "{686B156C-785C-4539-99A6-052290A10F30}"
EndProject
Project("{00D1A9C2-B5F0-4AF3-8072-F6C62B433612}") = "FileStorage.DB.SqlServer", "FileStorage\FileStorage.DB.SqlServer\FileStorage.DB.SqlServer.sqlproj", "{8C951E8F-92BB-4E00-80FB-E955928F4972}"
EndProject
Project("{9A19103F-16F7-4668-BE54-9A1E7A4F7556}") = "FileStorage.Factory", "FileStorage\FileStorage.Factory\FileStorage.Factory.csproj", "{1889CE66-D401-4D05-9330-E9BBFDCFE085}"
EndProject
Project("{9A19103F-16F7-4668-BE54-9A1E7A4F7556}") = "FileStorage.Repository.Core", "FileStorage\FileStorage.Repository.Core\FileStorage.Repository.Core.csproj", "{B8186786-49B0-4CA9-8326-0E3BEB363C95}"
EndProject
Project("{9A19103F-16F7-4668-BE54-9A1E7A4F7556}") = "FileStorage.Repository.EF", "FileStorage\FileStorage.Repository.EF\FileStorage.Repository.EF.csproj", "{015E61E5-45A9-435F-9307-6A4325C7781A}"
EndProject
Project("{9A19103F-16F7-4668-BE54-9A1E7A4F7556}") = "FileStorage.Repository.EF.Tests", "FileStorage\FileStorage.Repository.EF.Tests\FileStorage.Repository.EF.Tests.csproj", "{39F97D81-19BB-4989-92EB-F94EEC89792F}"
EndProject
Project("{9A19103F-16F7-4668-BE54-9A1E7A4F7556}") = "FileStorage.BL.Tests", "FileStorage\FileStorage.BL.Tests\FileStorage.BL.Tests.csproj", "{F1B724D9-B59B-4F63-BEF4-0346BAF027BD}"
EndProject
Project("{FAE04EC0-301F-11D3-BF4B-00C04F79EFBC}") = "Common.Unity", "Common\Common.Unity\Common.Unity.csproj", "{730089D1-8803-4E7E-B078-1910833AFEC8}"
EndProject
Global
	GlobalSection(SolutionConfigurationPlatforms) = preSolution
		Debug|Any CPU = Debug|Any CPU
		Release|Any CPU = Release|Any CPU
	EndGlobalSection
	GlobalSection(ProjectConfigurationPlatforms) = postSolution
		{9D993BC0-DF4B-4A6C-B0D8-C214C14AAA42}.Debug|Any CPU.ActiveCfg = Debug|Any CPU
		{9D993BC0-DF4B-4A6C-B0D8-C214C14AAA42}.Debug|Any CPU.Build.0 = Debug|Any CPU
		{9D993BC0-DF4B-4A6C-B0D8-C214C14AAA42}.Release|Any CPU.ActiveCfg = Release|Any CPU
		{9D993BC0-DF4B-4A6C-B0D8-C214C14AAA42}.Release|Any CPU.Build.0 = Release|Any CPU
		{591BD309-D625-4A92-91B6-A4FDB573FBC1}.Debug|Any CPU.ActiveCfg = Debug|Any CPU
		{591BD309-D625-4A92-91B6-A4FDB573FBC1}.Debug|Any CPU.Build.0 = Debug|Any CPU
		{591BD309-D625-4A92-91B6-A4FDB573FBC1}.Release|Any CPU.ActiveCfg = Release|Any CPU
		{591BD309-D625-4A92-91B6-A4FDB573FBC1}.Release|Any CPU.Build.0 = Release|Any CPU
		{005F5BBB-352E-43DF-9196-F5CE2CCBD408}.Debug|Any CPU.ActiveCfg = Debug|Any CPU
		{005F5BBB-352E-43DF-9196-F5CE2CCBD408}.Debug|Any CPU.Build.0 = Debug|Any CPU
		{005F5BBB-352E-43DF-9196-F5CE2CCBD408}.Release|Any CPU.ActiveCfg = Release|Any CPU
		{005F5BBB-352E-43DF-9196-F5CE2CCBD408}.Release|Any CPU.Build.0 = Release|Any CPU
		{A061D33F-C120-4CC4-98FB-CC5F59661F68}.Debug|Any CPU.ActiveCfg = Debug|Any CPU
		{A061D33F-C120-4CC4-98FB-CC5F59661F68}.Debug|Any CPU.Build.0 = Debug|Any CPU
		{A061D33F-C120-4CC4-98FB-CC5F59661F68}.Debug|Any CPU.Deploy.0 = Debug|Any CPU
		{A061D33F-C120-4CC4-98FB-CC5F59661F68}.Release|Any CPU.ActiveCfg = Release|Any CPU
		{A061D33F-C120-4CC4-98FB-CC5F59661F68}.Release|Any CPU.Build.0 = Release|Any CPU
		{A061D33F-C120-4CC4-98FB-CC5F59661F68}.Release|Any CPU.Deploy.0 = Release|Any CPU
		{FF826F47-698B-479F-97F5-F3C397AF69C4}.Debug|Any CPU.ActiveCfg = Debug|Any CPU
		{FF826F47-698B-479F-97F5-F3C397AF69C4}.Debug|Any CPU.Build.0 = Debug|Any CPU
		{FF826F47-698B-479F-97F5-F3C397AF69C4}.Release|Any CPU.ActiveCfg = Release|Any CPU
		{FF826F47-698B-479F-97F5-F3C397AF69C4}.Release|Any CPU.Build.0 = Release|Any CPU
		{BFF1CCC2-4DEE-46B4-A85D-CA1FA6E3F6FC}.Debug|Any CPU.ActiveCfg = Debug|Any CPU
		{BFF1CCC2-4DEE-46B4-A85D-CA1FA6E3F6FC}.Debug|Any CPU.Build.0 = Debug|Any CPU
		{BFF1CCC2-4DEE-46B4-A85D-CA1FA6E3F6FC}.Release|Any CPU.ActiveCfg = Release|Any CPU
		{BFF1CCC2-4DEE-46B4-A85D-CA1FA6E3F6FC}.Release|Any CPU.Build.0 = Release|Any CPU
		{CCC66432-DB62-4F59-851F-FE2DBD737D71}.Debug|Any CPU.ActiveCfg = Debug|Any CPU
		{CCC66432-DB62-4F59-851F-FE2DBD737D71}.Debug|Any CPU.Build.0 = Debug|Any CPU
		{CCC66432-DB62-4F59-851F-FE2DBD737D71}.Release|Any CPU.ActiveCfg = Release|Any CPU
		{CCC66432-DB62-4F59-851F-FE2DBD737D71}.Release|Any CPU.Build.0 = Release|Any CPU
		{F7F84BC1-5D12-4CC0-BE94-A545252B5C93}.Debug|Any CPU.ActiveCfg = Debug|Any CPU
		{F7F84BC1-5D12-4CC0-BE94-A545252B5C93}.Debug|Any CPU.Build.0 = Debug|Any CPU
		{F7F84BC1-5D12-4CC0-BE94-A545252B5C93}.Release|Any CPU.ActiveCfg = Release|Any CPU
		{F7F84BC1-5D12-4CC0-BE94-A545252B5C93}.Release|Any CPU.Build.0 = Release|Any CPU
		{9464BBBF-53F6-4950-AF57-E0657DF83CBE}.Debug|Any CPU.ActiveCfg = Debug|Any CPU
		{9464BBBF-53F6-4950-AF57-E0657DF83CBE}.Debug|Any CPU.Build.0 = Debug|Any CPU
		{9464BBBF-53F6-4950-AF57-E0657DF83CBE}.Release|Any CPU.ActiveCfg = Release|Any CPU
		{9464BBBF-53F6-4950-AF57-E0657DF83CBE}.Release|Any CPU.Build.0 = Release|Any CPU
		{CA376267-7D66-4D61-B4CC-6F568C5EF668}.Debug|Any CPU.ActiveCfg = Debug|Any CPU
		{CA376267-7D66-4D61-B4CC-6F568C5EF668}.Debug|Any CPU.Build.0 = Debug|Any CPU
		{CA376267-7D66-4D61-B4CC-6F568C5EF668}.Release|Any CPU.ActiveCfg = Release|Any CPU
		{CA376267-7D66-4D61-B4CC-6F568C5EF668}.Release|Any CPU.Build.0 = Release|Any CPU
		{B5E83EB9-B351-4A1D-8636-C9C48CBFAF46}.Debug|Any CPU.ActiveCfg = Debug|Any CPU
		{B5E83EB9-B351-4A1D-8636-C9C48CBFAF46}.Debug|Any CPU.Build.0 = Debug|Any CPU
		{B5E83EB9-B351-4A1D-8636-C9C48CBFAF46}.Release|Any CPU.ActiveCfg = Release|Any CPU
		{B5E83EB9-B351-4A1D-8636-C9C48CBFAF46}.Release|Any CPU.Build.0 = Release|Any CPU
		{5E05E188-F7D9-48B4-9CB4-2B4D7582ADBB}.Debug|Any CPU.ActiveCfg = Debug|Any CPU
		{5E05E188-F7D9-48B4-9CB4-2B4D7582ADBB}.Debug|Any CPU.Build.0 = Debug|Any CPU
		{5E05E188-F7D9-48B4-9CB4-2B4D7582ADBB}.Release|Any CPU.ActiveCfg = Release|Any CPU
		{5E05E188-F7D9-48B4-9CB4-2B4D7582ADBB}.Release|Any CPU.Build.0 = Release|Any CPU
		{62ABE1C9-CBEC-4B28-B3EF-E3316AD026FD}.Debug|Any CPU.ActiveCfg = Debug|Any CPU
		{62ABE1C9-CBEC-4B28-B3EF-E3316AD026FD}.Debug|Any CPU.Build.0 = Debug|Any CPU
		{62ABE1C9-CBEC-4B28-B3EF-E3316AD026FD}.Release|Any CPU.ActiveCfg = Release|Any CPU
		{62ABE1C9-CBEC-4B28-B3EF-E3316AD026FD}.Release|Any CPU.Build.0 = Release|Any CPU
		{3966EF0F-7306-4591-9AC2-78638911143B}.Debug|Any CPU.ActiveCfg = Debug|Any CPU
		{3966EF0F-7306-4591-9AC2-78638911143B}.Debug|Any CPU.Build.0 = Debug|Any CPU
		{3966EF0F-7306-4591-9AC2-78638911143B}.Release|Any CPU.ActiveCfg = Release|Any CPU
		{3966EF0F-7306-4591-9AC2-78638911143B}.Release|Any CPU.Build.0 = Release|Any CPU
		{AAE3CEE5-C88A-4A1D-8064-E6179508C3CE}.Debug|Any CPU.ActiveCfg = Debug|Any CPU
		{AAE3CEE5-C88A-4A1D-8064-E6179508C3CE}.Debug|Any CPU.Build.0 = Debug|Any CPU
		{AAE3CEE5-C88A-4A1D-8064-E6179508C3CE}.Release|Any CPU.ActiveCfg = Release|Any CPU
		{AAE3CEE5-C88A-4A1D-8064-E6179508C3CE}.Release|Any CPU.Build.0 = Release|Any CPU
		{B59F3F19-F6FC-45C8-B092-518909D2D611}.Debug|Any CPU.ActiveCfg = Debug|Any CPU
		{B59F3F19-F6FC-45C8-B092-518909D2D611}.Debug|Any CPU.Build.0 = Debug|Any CPU
		{B59F3F19-F6FC-45C8-B092-518909D2D611}.Release|Any CPU.ActiveCfg = Release|Any CPU
		{B59F3F19-F6FC-45C8-B092-518909D2D611}.Release|Any CPU.Build.0 = Release|Any CPU
		{686B156C-785C-4539-99A6-052290A10F30}.Debug|Any CPU.ActiveCfg = Debug|Any CPU
		{686B156C-785C-4539-99A6-052290A10F30}.Debug|Any CPU.Build.0 = Debug|Any CPU
		{686B156C-785C-4539-99A6-052290A10F30}.Release|Any CPU.ActiveCfg = Release|Any CPU
		{686B156C-785C-4539-99A6-052290A10F30}.Release|Any CPU.Build.0 = Release|Any CPU
		{8C951E8F-92BB-4E00-80FB-E955928F4972}.Debug|Any CPU.ActiveCfg = Debug|Any CPU
		{8C951E8F-92BB-4E00-80FB-E955928F4972}.Debug|Any CPU.Build.0 = Debug|Any CPU
		{8C951E8F-92BB-4E00-80FB-E955928F4972}.Debug|Any CPU.Deploy.0 = Debug|Any CPU
		{8C951E8F-92BB-4E00-80FB-E955928F4972}.Release|Any CPU.ActiveCfg = Release|Any CPU
		{8C951E8F-92BB-4E00-80FB-E955928F4972}.Release|Any CPU.Build.0 = Release|Any CPU
		{8C951E8F-92BB-4E00-80FB-E955928F4972}.Release|Any CPU.Deploy.0 = Release|Any CPU
		{1889CE66-D401-4D05-9330-E9BBFDCFE085}.Debug|Any CPU.ActiveCfg = Debug|Any CPU
		{1889CE66-D401-4D05-9330-E9BBFDCFE085}.Debug|Any CPU.Build.0 = Debug|Any CPU
		{1889CE66-D401-4D05-9330-E9BBFDCFE085}.Release|Any CPU.ActiveCfg = Release|Any CPU
		{1889CE66-D401-4D05-9330-E9BBFDCFE085}.Release|Any CPU.Build.0 = Release|Any CPU
		{B8186786-49B0-4CA9-8326-0E3BEB363C95}.Debug|Any CPU.ActiveCfg = Debug|Any CPU
		{B8186786-49B0-4CA9-8326-0E3BEB363C95}.Debug|Any CPU.Build.0 = Debug|Any CPU
		{B8186786-49B0-4CA9-8326-0E3BEB363C95}.Release|Any CPU.ActiveCfg = Release|Any CPU
		{B8186786-49B0-4CA9-8326-0E3BEB363C95}.Release|Any CPU.Build.0 = Release|Any CPU
		{015E61E5-45A9-435F-9307-6A4325C7781A}.Debug|Any CPU.ActiveCfg = Debug|Any CPU
		{015E61E5-45A9-435F-9307-6A4325C7781A}.Debug|Any CPU.Build.0 = Debug|Any CPU
		{015E61E5-45A9-435F-9307-6A4325C7781A}.Release|Any CPU.ActiveCfg = Release|Any CPU
		{015E61E5-45A9-435F-9307-6A4325C7781A}.Release|Any CPU.Build.0 = Release|Any CPU
		{39F97D81-19BB-4989-92EB-F94EEC89792F}.Debug|Any CPU.ActiveCfg = Debug|Any CPU
		{39F97D81-19BB-4989-92EB-F94EEC89792F}.Debug|Any CPU.Build.0 = Debug|Any CPU
		{39F97D81-19BB-4989-92EB-F94EEC89792F}.Release|Any CPU.ActiveCfg = Release|Any CPU
		{39F97D81-19BB-4989-92EB-F94EEC89792F}.Release|Any CPU.Build.0 = Release|Any CPU
		{F1B724D9-B59B-4F63-BEF4-0346BAF027BD}.Debug|Any CPU.ActiveCfg = Debug|Any CPU
		{F1B724D9-B59B-4F63-BEF4-0346BAF027BD}.Debug|Any CPU.Build.0 = Debug|Any CPU
		{F1B724D9-B59B-4F63-BEF4-0346BAF027BD}.Release|Any CPU.ActiveCfg = Release|Any CPU
		{F1B724D9-B59B-4F63-BEF4-0346BAF027BD}.Release|Any CPU.Build.0 = Release|Any CPU
		{730089D1-8803-4E7E-B078-1910833AFEC8}.Debug|Any CPU.ActiveCfg = Debug|Any CPU
		{730089D1-8803-4E7E-B078-1910833AFEC8}.Debug|Any CPU.Build.0 = Debug|Any CPU
		{730089D1-8803-4E7E-B078-1910833AFEC8}.Release|Any CPU.ActiveCfg = Release|Any CPU
		{730089D1-8803-4E7E-B078-1910833AFEC8}.Release|Any CPU.Build.0 = Release|Any CPU
	EndGlobalSection
	GlobalSection(SolutionProperties) = preSolution
		HideSolutionNode = FALSE
	EndGlobalSection
	GlobalSection(NestedProjects) = preSolution
		{CCC66432-DB62-4F59-851F-FE2DBD737D71} = {079109B7-FA9F-4335-BE79-ADF2A34F0581}
		{F7F84BC1-5D12-4CC0-BE94-A545252B5C93} = {079109B7-FA9F-4335-BE79-ADF2A34F0581}
		{9464BBBF-53F6-4950-AF57-E0657DF83CBE} = {079109B7-FA9F-4335-BE79-ADF2A34F0581}
		{CA376267-7D66-4D61-B4CC-6F568C5EF668} = {079109B7-FA9F-4335-BE79-ADF2A34F0581}
		{B5E83EB9-B351-4A1D-8636-C9C48CBFAF46} = {079109B7-FA9F-4335-BE79-ADF2A34F0581}
		{5E05E188-F7D9-48B4-9CB4-2B4D7582ADBB} = {079109B7-FA9F-4335-BE79-ADF2A34F0581}
		{62ABE1C9-CBEC-4B28-B3EF-E3316AD026FD} = {079109B7-FA9F-4335-BE79-ADF2A34F0581}
		{3966EF0F-7306-4591-9AC2-78638911143B} = {079109B7-FA9F-4335-BE79-ADF2A34F0581}
		{AAE3CEE5-C88A-4A1D-8064-E6179508C3CE} = {079109B7-FA9F-4335-BE79-ADF2A34F0581}
		{B59F3F19-F6FC-45C8-B092-518909D2D611} = {72E43A2A-BC19-48A4-8D29-F71AE7EAFB73}
		{686B156C-785C-4539-99A6-052290A10F30} = {72E43A2A-BC19-48A4-8D29-F71AE7EAFB73}
		{8C951E8F-92BB-4E00-80FB-E955928F4972} = {72E43A2A-BC19-48A4-8D29-F71AE7EAFB73}
		{1889CE66-D401-4D05-9330-E9BBFDCFE085} = {72E43A2A-BC19-48A4-8D29-F71AE7EAFB73}
		{B8186786-49B0-4CA9-8326-0E3BEB363C95} = {72E43A2A-BC19-48A4-8D29-F71AE7EAFB73}
		{015E61E5-45A9-435F-9307-6A4325C7781A} = {72E43A2A-BC19-48A4-8D29-F71AE7EAFB73}
		{39F97D81-19BB-4989-92EB-F94EEC89792F} = {72E43A2A-BC19-48A4-8D29-F71AE7EAFB73}
		{F1B724D9-B59B-4F63-BEF4-0346BAF027BD} = {72E43A2A-BC19-48A4-8D29-F71AE7EAFB73}
		{730089D1-8803-4E7E-B078-1910833AFEC8} = {079109B7-FA9F-4335-BE79-ADF2A34F0581}
	EndGlobalSection
	GlobalSection(ExtensibilityGlobals) = postSolution
		SolutionGuid = {1E955397-5BA3-4E15-AE37-89C6AFFA1447}
	EndGlobalSection
EndGlobal
